// !$*UTF8*$!
{
	archiveVersion = 1;
	classes = {
	};
	objectVersion = 77;
	objects = {

/* Begin PBXBuildFile section */
		9E7FC19D2D79DD5F00CEF423 /* Assets.xcassets in Resources */ = {isa = PBXBuildFile; fileRef = 9E7FC1962D79DD5F00CEF423 /* Assets.xcassets */; };
		9E7FC19F2D79DD5F00CEF423 /* LaunchScreen.storyboard in Resources */ = {isa = PBXBuildFile; fileRef = 9E7FC1992D79DD5F00CEF423 /* LaunchScreen.storyboard */; };
		9E7FC1A02D79DD5F00CEF423 /* AppDelegate.swift in Sources */ = {isa = PBXBuildFile; fileRef = 9E7FC1952D79DD5F00CEF423 /* AppDelegate.swift */; };
		9E7FC1A12D79DD5F00CEF423 /* SceneDelegate.swift in Sources */ = {isa = PBXBuildFile; fileRef = 9E7FC19A2D79DD5F00CEF423 /* SceneDelegate.swift */; };
		9E7FC1F02D7AC20700CEF423 /* CellReusable+.swift in Sources */ = {isa = PBXBuildFile; fileRef = 9E7FC1EF2D7AC20700CEF423 /* CellReusable+.swift */; };
		9E7FC1F62D7AC4E800CEF423 /* Config.swift in Sources */ = {isa = PBXBuildFile; fileRef = 9E7FC1F52D7AC4E800CEF423 /* Config.swift */; };
		9E7FC1F92D7AC5C800CEF423 /* Secret.xcconfig in Resources */ = {isa = PBXBuildFile; fileRef = 9E7FC1F82D7AC5C800CEF423 /* Secret.xcconfig */; };
		9E7FC1FB2D7AC6FE00CEF423 /* AppIconType.swift in Sources */ = {isa = PBXBuildFile; fileRef = 9E7FC1FA2D7AC6FE00CEF423 /* AppIconType.swift */; };
		9E7FC1FD2D7AC90500CEF423 /* UIFont+.swift in Sources */ = {isa = PBXBuildFile; fileRef = 9E7FC1FC2D7AC90500CEF423 /* UIFont+.swift */; };
		9E9E1BDA2D7ADDE8000EC8DB /* TabBarViewController.swift in Sources */ = {isa = PBXBuildFile; fileRef = 9E9E1BD92D7ADDE8000EC8DB /* TabBarViewController.swift */; };
		9E9E1BE12D7ADE47000EC8DB /* OtherViewController.swift in Sources */ = {isa = PBXBuildFile; fileRef = 9E9E1BE02D7ADE47000EC8DB /* OtherViewController.swift */; };
		9E9E1BE22D7ADE7B000EC8DB /* BaseViewController.swift in Sources */ = {isa = PBXBuildFile; fileRef = 9E7FC1BF2D79DE6400CEF423 /* BaseViewController.swift */; };
		9E9E1BE32D7ADE81000EC8DB /* ViewTransitionType.swift in Sources */ = {isa = PBXBuildFile; fileRef = 9E7FC1BA2D79DE6400CEF423 /* ViewTransitionType.swift */; };
		9E9E1BE42D7ADE8F000EC8DB /* UIAlertManager.swift in Sources */ = {isa = PBXBuildFile; fileRef = 9E7FC1B52D79DE6400CEF423 /* UIAlertManager.swift */; };
		9E9E1BE52D7ADE8F000EC8DB /* CustomFormatterManager.swift in Sources */ = {isa = PBXBuildFile; fileRef = 9E7FC1B42D79DE6400CEF423 /* CustomFormatterManager.swift */; };
		9E9E1BE62D7ADEB5000EC8DB /* ViewModelProtocol.swift in Sources */ = {isa = PBXBuildFile; fileRef = 9E7FC1AE2D79DE6400CEF423 /* ViewModelProtocol.swift */; };
		9E9E1BE72D7ADEB5000EC8DB /* UITextField+.swift in Sources */ = {isa = PBXBuildFile; fileRef = 9E7FC1A92D79DE6400CEF423 /* UITextField+.swift */; };
		9E9E1BE82D7ADEB5000EC8DB /* UILabel+.swift in Sources */ = {isa = PBXBuildFile; fileRef = 9E7FC1A72D79DE6400CEF423 /* UILabel+.swift */; };
		9E9E1BE92D7ADEB5000EC8DB /* UIButton+.swift in Sources */ = {isa = PBXBuildFile; fileRef = 9E7FC1A52D79DE6400CEF423 /* UIButton+.swift */; };
		9E9E1BEA2D7ADEB5000EC8DB /* UIView+.swift in Sources */ = {isa = PBXBuildFile; fileRef = 9E7FC1AA2D79DE6400CEF423 /* UIView+.swift */; };
		9E9E1BEB2D7ADEB5000EC8DB /* UIImageView+.swift in Sources */ = {isa = PBXBuildFile; fileRef = 9E7FC1A62D79DE6400CEF423 /* UIImageView+.swift */; };
		9E9E1BEC2D7ADEB5000EC8DB /* StringLiterals.swift in Sources */ = {isa = PBXBuildFile; fileRef = 9E7FC1AC2D79DE6400CEF423 /* StringLiterals.swift */; };
		9E9E1BED2D7ADEB5000EC8DB /* UIStackView+.swift in Sources */ = {isa = PBXBuildFile; fileRef = 9E7FC1A82D79DE6400CEF423 /* UIStackView+.swift */; };
		9E9E1BF02D7ADEE2000EC8DB /* SnapKit in Frameworks */ = {isa = PBXBuildFile; productRef = 9E9E1BEF2D7ADEE2000EC8DB /* SnapKit */; };
		9E9E1BF32D7ADEEB000EC8DB /* Alamofire in Frameworks */ = {isa = PBXBuildFile; productRef = 9E9E1BF22D7ADEEB000EC8DB /* Alamofire */; };
		9E9E1BF62D7ADEFE000EC8DB /* RxCocoa in Frameworks */ = {isa = PBXBuildFile; productRef = 9E9E1BF52D7ADEFE000EC8DB /* RxCocoa */; };
		9E9E1BF82D7ADEFE000EC8DB /* RxSwift in Frameworks */ = {isa = PBXBuildFile; productRef = 9E9E1BF72D7ADEFE000EC8DB /* RxSwift */; };
		9E9E1BFB2D7ADF0A000EC8DB /* Toast in Frameworks */ = {isa = PBXBuildFile; productRef = 9E9E1BFA2D7ADF0A000EC8DB /* Toast */; };
		9E9E1BFE2D7ADF25000EC8DB /* DGCharts in Frameworks */ = {isa = PBXBuildFile; productRef = 9E9E1BFD2D7ADF25000EC8DB /* DGCharts */; };
		9E9E1C012D7ADF37000EC8DB /* Then in Frameworks */ = {isa = PBXBuildFile; productRef = 9E9E1C002D7ADF37000EC8DB /* Then */; };
		9E9E1C042D7ADF4B000EC8DB /* Differentiator in Frameworks */ = {isa = PBXBuildFile; productRef = 9E9E1C032D7ADF4B000EC8DB /* Differentiator */; };
		9E9E1C062D7ADF4B000EC8DB /* RxDataSources in Frameworks */ = {isa = PBXBuildFile; productRef = 9E9E1C052D7ADF4B000EC8DB /* RxDataSources */; };
		9E9E1C092D7ADF7A000EC8DB /* RealmSwift in Frameworks */ = {isa = PBXBuildFile; productRef = 9E9E1C082D7ADF7A000EC8DB /* RealmSwift */; };
		9E9E1C0A2D7ADF83000EC8DB /* RealmSwift in Embed Frameworks */ = {isa = PBXBuildFile; productRef = 9E9E1C082D7ADF7A000EC8DB /* RealmSwift */; settings = {ATTRIBUTES = (CodeSignOnCopy, ); }; };
		9E9E1C0E2D7AFD78000EC8DB /* VariationRateComponent.swift in Sources */ = {isa = PBXBuildFile; fileRef = 9E9E1C0D2D7AFD78000EC8DB /* VariationRateComponent.swift */; };
		9E9E1C102D7B0778000EC8DB /* AboutCoinComponent.swift in Sources */ = {isa = PBXBuildFile; fileRef = 9E9E1C0F2D7B0778000EC8DB /* AboutCoinComponent.swift */; };
/* End PBXBuildFile section */

/* Begin PBXCopyFilesBuildPhase section */
		9E9E1C0B2D7ADF83000EC8DB /* Embed Frameworks */ = {
			isa = PBXCopyFilesBuildPhase;
			buildActionMask = 2147483647;
			dstPath = "";
			dstSubfolderSpec = 10;
			files = (
				9E9E1C0A2D7ADF83000EC8DB /* RealmSwift in Embed Frameworks */,
			);
			name = "Embed Frameworks";
			runOnlyForDeploymentPostprocessing = 0;
		};
/* End PBXCopyFilesBuildPhase section */

/* Begin PBXFileReference section */
		9E7FC17D2D79DC5C00CEF423 /* Het-Je-iOS.app */ = {isa = PBXFileReference; explicitFileType = wrapper.application; includeInIndex = 0; path = "Het-Je-iOS.app"; sourceTree = BUILT_PRODUCTS_DIR; };
		9E7FC1952D79DD5F00CEF423 /* AppDelegate.swift */ = {isa = PBXFileReference; lastKnownFileType = sourcecode.swift; path = AppDelegate.swift; sourceTree = "<group>"; };
		9E7FC1962D79DD5F00CEF423 /* Assets.xcassets */ = {isa = PBXFileReference; lastKnownFileType = folder.assetcatalog; path = Assets.xcassets; sourceTree = "<group>"; };
		9E7FC1972D79DD5F00CEF423 /* Info.plist */ = {isa = PBXFileReference; lastKnownFileType = text.plist.xml; path = Info.plist; sourceTree = "<group>"; };
		9E7FC1982D79DD5F00CEF423 /* Base */ = {isa = PBXFileReference; lastKnownFileType = file.storyboard; name = Base; path = Base.lproj/LaunchScreen.storyboard; sourceTree = "<group>"; };
		9E7FC19A2D79DD5F00CEF423 /* SceneDelegate.swift */ = {isa = PBXFileReference; lastKnownFileType = sourcecode.swift; path = SceneDelegate.swift; sourceTree = "<group>"; };
		9E7FC1A52D79DE6400CEF423 /* UIButton+.swift */ = {isa = PBXFileReference; lastKnownFileType = sourcecode.swift; path = "UIButton+.swift"; sourceTree = "<group>"; };
		9E7FC1A62D79DE6400CEF423 /* UIImageView+.swift */ = {isa = PBXFileReference; lastKnownFileType = sourcecode.swift; path = "UIImageView+.swift"; sourceTree = "<group>"; };
		9E7FC1A72D79DE6400CEF423 /* UILabel+.swift */ = {isa = PBXFileReference; lastKnownFileType = sourcecode.swift; path = "UILabel+.swift"; sourceTree = "<group>"; };
		9E7FC1A82D79DE6400CEF423 /* UIStackView+.swift */ = {isa = PBXFileReference; lastKnownFileType = sourcecode.swift; path = "UIStackView+.swift"; sourceTree = "<group>"; };
		9E7FC1A92D79DE6400CEF423 /* UITextField+.swift */ = {isa = PBXFileReference; lastKnownFileType = sourcecode.swift; path = "UITextField+.swift"; sourceTree = "<group>"; };
		9E7FC1AA2D79DE6400CEF423 /* UIView+.swift */ = {isa = PBXFileReference; lastKnownFileType = sourcecode.swift; path = "UIView+.swift"; sourceTree = "<group>"; };
		9E7FC1AC2D79DE6400CEF423 /* StringLiterals.swift */ = {isa = PBXFileReference; lastKnownFileType = sourcecode.swift; path = StringLiterals.swift; sourceTree = "<group>"; };
		9E7FC1AE2D79DE6400CEF423 /* ViewModelProtocol.swift */ = {isa = PBXFileReference; lastKnownFileType = sourcecode.swift; path = ViewModelProtocol.swift; sourceTree = "<group>"; };
		9E7FC1B42D79DE6400CEF423 /* CustomFormatterManager.swift */ = {isa = PBXFileReference; lastKnownFileType = sourcecode.swift; path = CustomFormatterManager.swift; sourceTree = "<group>"; };
		9E7FC1B52D79DE6400CEF423 /* UIAlertManager.swift */ = {isa = PBXFileReference; lastKnownFileType = sourcecode.swift; path = UIAlertManager.swift; sourceTree = "<group>"; };
		9E7FC1BA2D79DE6400CEF423 /* ViewTransitionType.swift */ = {isa = PBXFileReference; lastKnownFileType = sourcecode.swift; path = ViewTransitionType.swift; sourceTree = "<group>"; };
		9E7FC1BF2D79DE6400CEF423 /* BaseViewController.swift */ = {isa = PBXFileReference; lastKnownFileType = sourcecode.swift; path = BaseViewController.swift; sourceTree = "<group>"; };
		9E7FC1EF2D7AC20700CEF423 /* CellReusable+.swift */ = {isa = PBXFileReference; lastKnownFileType = sourcecode.swift; path = "CellReusable+.swift"; sourceTree = "<group>"; };
		9E7FC1F52D7AC4E800CEF423 /* Config.swift */ = {isa = PBXFileReference; lastKnownFileType = sourcecode.swift; path = Config.swift; sourceTree = "<group>"; };
		9E7FC1F82D7AC5C800CEF423 /* Secret.xcconfig */ = {isa = PBXFileReference; lastKnownFileType = text.xcconfig; path = Secret.xcconfig; sourceTree = "<group>"; };
		9E7FC1FA2D7AC6FE00CEF423 /* AppIconType.swift */ = {isa = PBXFileReference; lastKnownFileType = sourcecode.swift; path = AppIconType.swift; sourceTree = "<group>"; };
		9E7FC1FC2D7AC90500CEF423 /* UIFont+.swift */ = {isa = PBXFileReference; lastKnownFileType = sourcecode.swift; path = "UIFont+.swift"; sourceTree = "<group>"; };
		9E9E1BD92D7ADDE8000EC8DB /* TabBarViewController.swift */ = {isa = PBXFileReference; lastKnownFileType = sourcecode.swift; path = TabBarViewController.swift; sourceTree = "<group>"; };
		9E9E1BE02D7ADE47000EC8DB /* OtherViewController.swift */ = {isa = PBXFileReference; lastKnownFileType = sourcecode.swift; path = OtherViewController.swift; sourceTree = "<group>"; };
		9E9E1C0D2D7AFD78000EC8DB /* VariationRateComponent.swift */ = {isa = PBXFileReference; lastKnownFileType = sourcecode.swift; path = VariationRateComponent.swift; sourceTree = "<group>"; };
		9E9E1C0F2D7B0778000EC8DB /* AboutCoinComponent.swift */ = {isa = PBXFileReference; lastKnownFileType = sourcecode.swift; path = AboutCoinComponent.swift; sourceTree = "<group>"; };
/* End PBXFileReference section */

/* Begin PBXFrameworksBuildPhase section */
		9E7FC17A2D79DC5C00CEF423 /* Frameworks */ = {
			isa = PBXFrameworksBuildPhase;
			buildActionMask = 2147483647;
			files = (
				9E9E1BF62D7ADEFE000EC8DB /* RxCocoa in Frameworks */,
				9E9E1BF02D7ADEE2000EC8DB /* SnapKit in Frameworks */,
				9E9E1BF82D7ADEFE000EC8DB /* RxSwift in Frameworks */,
				9E9E1C012D7ADF37000EC8DB /* Then in Frameworks */,
				9E9E1C042D7ADF4B000EC8DB /* Differentiator in Frameworks */,
				9E9E1BFB2D7ADF0A000EC8DB /* Toast in Frameworks */,
				9E9E1C062D7ADF4B000EC8DB /* RxDataSources in Frameworks */,
				9E9E1BFE2D7ADF25000EC8DB /* DGCharts in Frameworks */,
				9E9E1C092D7ADF7A000EC8DB /* RealmSwift in Frameworks */,
				9E9E1BF32D7ADEEB000EC8DB /* Alamofire in Frameworks */,
			);
			runOnlyForDeploymentPostprocessing = 0;
		};
/* End PBXFrameworksBuildPhase section */

/* Begin PBXGroup section */
		9E7FC1742D79DC5C00CEF423 = {
			isa = PBXGroup;
			children = (
				9E7FC19C2D79DD5F00CEF423 /* Het-Je-iOS */,
				9E7FC17E2D79DC5C00CEF423 /* Products */,
			);
			sourceTree = "<group>";
		};
		9E7FC17E2D79DC5C00CEF423 /* Products */ = {
			isa = PBXGroup;
			children = (
				9E7FC17D2D79DC5C00CEF423 /* Het-Je-iOS.app */,
			);
			name = Products;
			sourceTree = "<group>";
		};
		9E7FC19C2D79DD5F00CEF423 /* Het-Je-iOS */ = {
			isa = PBXGroup;
			children = (
				9E7FC1A32D79DD6300CEF423 /* Application */,
				9E7FC1B82D79DE6400CEF423 /* Global */,
				9E7FC1E72D79DE6400CEF423 /* Presentation */,
			);
			path = "Het-Je-iOS";
			sourceTree = "<group>";
		};
		9E7FC1A32D79DD6300CEF423 /* Application */ = {
			isa = PBXGroup;
			children = (
				9E7FC1952D79DD5F00CEF423 /* AppDelegate.swift */,
				9E7FC19A2D79DD5F00CEF423 /* SceneDelegate.swift */,
				9E7FC1992D79DD5F00CEF423 /* LaunchScreen.storyboard */,
				9E7FC1A42D79DDAB00CEF423 /* Settings */,
			);
			path = Application;
			sourceTree = "<group>";
		};
		9E7FC1A42D79DDAB00CEF423 /* Settings */ = {
			isa = PBXGroup;
			children = (
				9E7FC1F52D7AC4E800CEF423 /* Config.swift */,
				9E7FC1F82D7AC5C800CEF423 /* Secret.xcconfig */,
				9E7FC1972D79DD5F00CEF423 /* Info.plist */,
			);
			path = Settings;
			sourceTree = "<group>";
		};
		9E7FC1AB2D79DE6400CEF423 /* Extensions */ = {
			isa = PBXGroup;
			children = (
				9E7FC1A52D79DE6400CEF423 /* UIButton+.swift */,
				9E7FC1A92D79DE6400CEF423 /* UITextField+.swift */,
				9E7FC1A62D79DE6400CEF423 /* UIImageView+.swift */,
				9E7FC1A72D79DE6400CEF423 /* UILabel+.swift */,
				9E7FC1A82D79DE6400CEF423 /* UIStackView+.swift */,
				9E7FC1AA2D79DE6400CEF423 /* UIView+.swift */,
				9E7FC1EF2D7AC20700CEF423 /* CellReusable+.swift */,
				9E7FC1FC2D7AC90500CEF423 /* UIFont+.swift */,
			);
			path = Extensions;
			sourceTree = "<group>";
		};
		9E7FC1AD2D79DE6400CEF423 /* Literals */ = {
			isa = PBXGroup;
			children = (
				9E7FC1AC2D79DE6400CEF423 /* StringLiterals.swift */,
			);
			path = Literals;
			sourceTree = "<group>";
		};
		9E7FC1AF2D79DE6400CEF423 /* Protocols */ = {
			isa = PBXGroup;
			children = (
				9E7FC1AE2D79DE6400CEF423 /* ViewModelProtocol.swift */,
			);
			path = Protocols;
			sourceTree = "<group>";
		};
		9E7FC1B12D79DE6400CEF423 /* Resources */ = {
			isa = PBXGroup;
			children = (
				9E7FC1962D79DD5F00CEF423 /* Assets.xcassets */,
			);
			path = Resources;
			sourceTree = "<group>";
		};
		9E7FC1B32D79DE6400CEF423 /* Enums */ = {
			isa = PBXGroup;
			children = (
				9E7FC1FA2D7AC6FE00CEF423 /* AppIconType.swift */,
			);
			path = Enums;
			sourceTree = "<group>";
		};
		9E7FC1B72D79DE6400CEF423 /* Utility */ = {
			isa = PBXGroup;
			children = (
				9E7FC1B32D79DE6400CEF423 /* Enums */,
				9E7FC1B42D79DE6400CEF423 /* CustomFormatterManager.swift */,
				9E7FC1B52D79DE6400CEF423 /* UIAlertManager.swift */,
			);
			path = Utility;
			sourceTree = "<group>";
		};
		9E7FC1B82D79DE6400CEF423 /* Global */ = {
			isa = PBXGroup;
			children = (
				9E7FC1AB2D79DE6400CEF423 /* Extensions */,
				9E7FC1AD2D79DE6400CEF423 /* Literals */,
				9E7FC1AF2D79DE6400CEF423 /* Protocols */,
				9E7FC1B12D79DE6400CEF423 /* Resources */,
				9E9E1C0C2D7AE8FD000EC8DB /* UIComponents */,
				9E7FC1B72D79DE6400CEF423 /* Utility */,
			);
			path = Global;
			sourceTree = "<group>";
		};
		9E7FC1BB2D79DE6400CEF423 /* Enums */ = {
			isa = PBXGroup;
			children = (
				9E7FC1BA2D79DE6400CEF423 /* ViewTransitionType.swift */,
			);
			path = Enums;
			sourceTree = "<group>";
		};
		9E7FC1C02D79DE6400CEF423 /* Base */ = {
			isa = PBXGroup;
			children = (
				9E7FC1BB2D79DE6400CEF423 /* Enums */,
				9E7FC1BF2D79DE6400CEF423 /* BaseViewController.swift */,
			);
			path = Base;
			sourceTree = "<group>";
		};
		9E7FC1E72D79DE6400CEF423 /* Presentation */ = {
			isa = PBXGroup;
			children = (
				9E7FC1F12D7AC40200CEF423 /* 1. 탭바(TabBar) */,
				9E7FC1F22D7AC42500CEF423 /* 2. 거래소(Exchange) */,
				9E7FC1F32D7AC44000CEF423 /* 3. 코인정보(CoinInfo) */,
				9E7FC1F42D7AC44600CEF423 /* 4. 포트폴리오 */,
				9E7FC1C02D79DE6400CEF423 /* Base */,
			);
			path = Presentation;
			sourceTree = "<group>";
		};
		9E7FC1F12D7AC40200CEF423 /* 1. 탭바(TabBar) */ = {
			isa = PBXGroup;
			children = (
				9E7FC1F72D7AC56D00CEF423 /* Views */,
			);
			name = "1. 탭바(TabBar)";
			path = "1. 탭바(TabBar)";
			sourceTree = "<group>";
		};
		9E7FC1F22D7AC42500CEF423 /* 2. 거래소(Exchange) */ = {
			isa = PBXGroup;
			children = (
				9E9E1BDC2D7ADE1D000EC8DB /* ViewModel */,
				9E9E1BDB2D7ADE17000EC8DB /* Views */,
			);
			path = "2. 거래소(Exchange)";
			sourceTree = "<group>";
		};
		9E7FC1F32D7AC44000CEF423 /* 3. 코인정보(CoinInfo) */ = {
			isa = PBXGroup;
			children = (
				9E9E1BDE2D7ADE33000EC8DB /* ViewModel */,
				9E9E1BDD2D7ADE2F000EC8DB /* Views */,
			);
			path = "3. 코인정보(CoinInfo)";
			sourceTree = "<group>";
		};
		9E7FC1F42D7AC44600CEF423 /* 4. 포트폴리오 */ = {
			isa = PBXGroup;
			children = (
				9E9E1BDF2D7ADE3B000EC8DB /* Views */,
			);
			path = "4. 포트폴리오";
			sourceTree = "<group>";
		};
		9E7FC1F72D7AC56D00CEF423 /* Views */ = {
			isa = PBXGroup;
			children = (
				9E9E1BD92D7ADDE8000EC8DB /* TabBarViewController.swift */,
			);
			path = Views;
			sourceTree = "<group>";
		};
		9E9E1BDB2D7ADE17000EC8DB /* Views */ = {
			isa = PBXGroup;
			children = (
			);
			path = Views;
			sourceTree = "<group>";
		};
		9E9E1BDC2D7ADE1D000EC8DB /* ViewModel */ = {
			isa = PBXGroup;
			children = (
			);
			path = ViewModel;
			sourceTree = "<group>";
		};
		9E9E1BDD2D7ADE2F000EC8DB /* Views */ = {
			isa = PBXGroup;
			children = (
			);
			path = Views;
			sourceTree = "<group>";
		};
		9E9E1BDE2D7ADE33000EC8DB /* ViewModel */ = {
			isa = PBXGroup;
			children = (
			);
			path = ViewModel;
			sourceTree = "<group>";
		};
		9E9E1BDF2D7ADE3B000EC8DB /* Views */ = {
			isa = PBXGroup;
			children = (
				9E9E1BE02D7ADE47000EC8DB /* OtherViewController.swift */,
			);
			path = Views;
			sourceTree = "<group>";
		};
		9E9E1C0C2D7AE8FD000EC8DB /* UIComponents */ = {
			isa = PBXGroup;
			children = (
				9E9E1C0D2D7AFD78000EC8DB /* VariationRateComponent.swift */,
				9E9E1C0F2D7B0778000EC8DB /* AboutCoinComponent.swift */,
			);
			path = UIComponents;
			sourceTree = "<group>";
		};
/* End PBXGroup section */

/* Begin PBXNativeTarget section */
		9E7FC17C2D79DC5C00CEF423 /* Het-Je-iOS */ = {
			isa = PBXNativeTarget;
			buildConfigurationList = 9E7FC1902D79DC5E00CEF423 /* Build configuration list for PBXNativeTarget "Het-Je-iOS" */;
			buildPhases = (
				9E7FC1792D79DC5C00CEF423 /* Sources */,
				9E7FC17A2D79DC5C00CEF423 /* Frameworks */,
				9E7FC17B2D79DC5C00CEF423 /* Resources */,
				9E9E1C0B2D7ADF83000EC8DB /* Embed Frameworks */,
			);
			buildRules = (
			);
			dependencies = (
			);
			name = "Het-Je-iOS";
			packageProductDependencies = (
				9E9E1BEF2D7ADEE2000EC8DB /* SnapKit */,
				9E9E1BF22D7ADEEB000EC8DB /* Alamofire */,
				9E9E1BF52D7ADEFE000EC8DB /* RxCocoa */,
				9E9E1BF72D7ADEFE000EC8DB /* RxSwift */,
				9E9E1BFA2D7ADF0A000EC8DB /* Toast */,
				9E9E1BFD2D7ADF25000EC8DB /* DGCharts */,
				9E9E1C002D7ADF37000EC8DB /* Then */,
				9E9E1C032D7ADF4B000EC8DB /* Differentiator */,
				9E9E1C052D7ADF4B000EC8DB /* RxDataSources */,
				9E9E1C082D7ADF7A000EC8DB /* RealmSwift */,
			);
			productName = "Het-Je-iOS";
			productReference = 9E7FC17D2D79DC5C00CEF423 /* Het-Je-iOS.app */;
			productType = "com.apple.product-type.application";
		};
/* End PBXNativeTarget section */

/* Begin PBXProject section */
		9E7FC1752D79DC5C00CEF423 /* Project object */ = {
			isa = PBXProject;
			attributes = {
				BuildIndependentTargetsInParallel = 1;
				LastSwiftUpdateCheck = 1610;
				LastUpgradeCheck = 1610;
				TargetAttributes = {
					9E7FC17C2D79DC5C00CEF423 = {
						CreatedOnToolsVersion = 16.1;
					};
				};
			};
			buildConfigurationList = 9E7FC1782D79DC5C00CEF423 /* Build configuration list for PBXProject "Het-Je-iOS" */;
			developmentRegion = en;
			hasScannedForEncodings = 0;
			knownRegions = (
				en,
				Base,
			);
			mainGroup = 9E7FC1742D79DC5C00CEF423;
			minimizedProjectReferenceProxies = 1;
			packageReferences = (
				9E9E1BEE2D7ADEE2000EC8DB /* XCRemoteSwiftPackageReference "SnapKit" */,
				9E9E1BF12D7ADEEB000EC8DB /* XCRemoteSwiftPackageReference "Alamofire" */,
				9E9E1BF42D7ADEFE000EC8DB /* XCRemoteSwiftPackageReference "RxSwift" */,
				9E9E1BF92D7ADF0A000EC8DB /* XCRemoteSwiftPackageReference "Toast-Swift" */,
				9E9E1BFC2D7ADF25000EC8DB /* XCRemoteSwiftPackageReference "Charts" */,
				9E9E1BFF2D7ADF37000EC8DB /* XCRemoteSwiftPackageReference "Then" */,
				9E9E1C022D7ADF4B000EC8DB /* XCRemoteSwiftPackageReference "RxDataSources" */,
				9E9E1C072D7ADF7A000EC8DB /* XCRemoteSwiftPackageReference "realm-swift" */,
			);
			preferredProjectObjectVersion = 77;
			productRefGroup = 9E7FC17E2D79DC5C00CEF423 /* Products */;
			projectDirPath = "";
			projectRoot = "";
			targets = (
				9E7FC17C2D79DC5C00CEF423 /* Het-Je-iOS */,
			);
		};
/* End PBXProject section */

/* Begin PBXResourcesBuildPhase section */
		9E7FC17B2D79DC5C00CEF423 /* Resources */ = {
			isa = PBXResourcesBuildPhase;
			buildActionMask = 2147483647;
			files = (
				9E7FC1F92D7AC5C800CEF423 /* Secret.xcconfig in Resources */,
				9E7FC19D2D79DD5F00CEF423 /* Assets.xcassets in Resources */,
				9E7FC19F2D79DD5F00CEF423 /* LaunchScreen.storyboard in Resources */,
			);
			runOnlyForDeploymentPostprocessing = 0;
		};
/* End PBXResourcesBuildPhase section */

/* Begin PBXSourcesBuildPhase section */
		9E7FC1792D79DC5C00CEF423 /* Sources */ = {
			isa = PBXSourcesBuildPhase;
			buildActionMask = 2147483647;
			files = (
				9E9E1BE42D7ADE8F000EC8DB /* UIAlertManager.swift in Sources */,
				9E9E1BE52D7ADE8F000EC8DB /* CustomFormatterManager.swift in Sources */,
				9E7FC1F02D7AC20700CEF423 /* CellReusable+.swift in Sources */,
				9E7FC1F62D7AC4E800CEF423 /* Config.swift in Sources */,
				9E7FC1A02D79DD5F00CEF423 /* AppDelegate.swift in Sources */,
				9E7FC1FB2D7AC6FE00CEF423 /* AppIconType.swift in Sources */,
				9E9E1BDA2D7ADDE8000EC8DB /* TabBarViewController.swift in Sources */,
				9E9E1BE22D7ADE7B000EC8DB /* BaseViewController.swift in Sources */,
				9E9E1BE12D7ADE47000EC8DB /* OtherViewController.swift in Sources */,
				9E9E1BE62D7ADEB5000EC8DB /* ViewModelProtocol.swift in Sources */,
				9E9E1BE72D7ADEB5000EC8DB /* UITextField+.swift in Sources */,
				9E9E1BE82D7ADEB5000EC8DB /* UILabel+.swift in Sources */,
				9E9E1C102D7B0778000EC8DB /* AboutCoinComponent.swift in Sources */,
				9E9E1BE92D7ADEB5000EC8DB /* UIButton+.swift in Sources */,
				9E9E1BEA2D7ADEB5000EC8DB /* UIView+.swift in Sources */,
				9E9E1BEB2D7ADEB5000EC8DB /* UIImageView+.swift in Sources */,
				9E9E1C0E2D7AFD78000EC8DB /* VariationRateComponent.swift in Sources */,
				9E9E1BEC2D7ADEB5000EC8DB /* StringLiterals.swift in Sources */,
				9E9E1BED2D7ADEB5000EC8DB /* UIStackView+.swift in Sources */,
				9E9E1BE32D7ADE81000EC8DB /* ViewTransitionType.swift in Sources */,
				9E7FC1FD2D7AC90500CEF423 /* UIFont+.swift in Sources */,
				9E7FC1A12D79DD5F00CEF423 /* SceneDelegate.swift in Sources */,
			);
			runOnlyForDeploymentPostprocessing = 0;
		};
/* End PBXSourcesBuildPhase section */

/* Begin PBXVariantGroup section */
		9E7FC1992D79DD5F00CEF423 /* LaunchScreen.storyboard */ = {
			isa = PBXVariantGroup;
			children = (
				9E7FC1982D79DD5F00CEF423 /* Base */,
			);
			name = LaunchScreen.storyboard;
			sourceTree = "<group>";
		};
/* End PBXVariantGroup section */

/* Begin XCBuildConfiguration section */
		9E7FC1912D79DC5E00CEF423 /* Debug */ = {
			isa = XCBuildConfiguration;
			buildSettings = {
				ASSETCATALOG_COMPILER_APPICON_NAME = AppIcon;
				ASSETCATALOG_COMPILER_GLOBAL_ACCENT_COLOR_NAME = AccentColor;
				CODE_SIGN_STYLE = Automatic;
				CURRENT_PROJECT_VERSION = 1;
				DEVELOPMENT_TEAM = A95XXD5WT7;
				GENERATE_INFOPLIST_FILE = YES;
				INFOPLIST_FILE = "Het-Je-iOS/Application/Settings/Info.plist";
				INFOPLIST_KEY_CFBundleDisplayName = "Het-Je_박신영";
				INFOPLIST_KEY_UIApplicationSupportsIndirectInputEvents = YES;
				INFOPLIST_KEY_UILaunchStoryboardName = LaunchScreen;
				INFOPLIST_KEY_UISupportedInterfaceOrientations = UIInterfaceOrientationPortrait;
				IPHONEOS_DEPLOYMENT_TARGET = 16.0;
				LD_RUNPATH_SEARCH_PATHS = (
					"$(inherited)",
					"@executable_path/Frameworks",
				);
				MARKETING_VERSION = 1.0;
				PRODUCT_BUNDLE_IDENTIFIER = "com.psy.Het-Je-iOS";
				PRODUCT_NAME = "$(TARGET_NAME)";
				SUPPORTED_PLATFORMS = "iphoneos iphonesimulator";
				SUPPORTS_MACCATALYST = NO;
				SUPPORTS_MAC_DESIGNED_FOR_IPHONE_IPAD = NO;
				SUPPORTS_XR_DESIGNED_FOR_IPHONE_IPAD = NO;
				SWIFT_EMIT_LOC_STRINGS = YES;
				SWIFT_VERSION = 5.0;
				TARGETED_DEVICE_FAMILY = 1;
			};
			name = Debug;
		};
		9E7FC1922D79DC5E00CEF423 /* Release */ = {
			isa = XCBuildConfiguration;
			buildSettings = {
				ASSETCATALOG_COMPILER_APPICON_NAME = AppIcon;
				ASSETCATALOG_COMPILER_GLOBAL_ACCENT_COLOR_NAME = AccentColor;
				CODE_SIGN_STYLE = Automatic;
				CURRENT_PROJECT_VERSION = 1;
				DEVELOPMENT_TEAM = A95XXD5WT7;
				GENERATE_INFOPLIST_FILE = YES;
				INFOPLIST_FILE = "Het-Je-iOS/Application/Settings/Info.plist";
				INFOPLIST_KEY_CFBundleDisplayName = "Het-Je_박신영";
				INFOPLIST_KEY_UIApplicationSupportsIndirectInputEvents = YES;
				INFOPLIST_KEY_UILaunchStoryboardName = LaunchScreen;
				INFOPLIST_KEY_UISupportedInterfaceOrientations = UIInterfaceOrientationPortrait;
				IPHONEOS_DEPLOYMENT_TARGET = 16.0;
				LD_RUNPATH_SEARCH_PATHS = (
					"$(inherited)",
					"@executable_path/Frameworks",
				);
				MARKETING_VERSION = 1.0;
				PRODUCT_BUNDLE_IDENTIFIER = "com.psy.Het-Je-iOS";
				PRODUCT_NAME = "$(TARGET_NAME)";
				SUPPORTED_PLATFORMS = "iphoneos iphonesimulator";
				SUPPORTS_MACCATALYST = NO;
				SUPPORTS_MAC_DESIGNED_FOR_IPHONE_IPAD = NO;
				SUPPORTS_XR_DESIGNED_FOR_IPHONE_IPAD = NO;
				SWIFT_EMIT_LOC_STRINGS = YES;
				SWIFT_VERSION = 5.0;
				TARGETED_DEVICE_FAMILY = 1;
			};
			name = Release;
		};
		9E7FC1932D79DC5E00CEF423 /* Debug */ = {
			isa = XCBuildConfiguration;
			buildSettings = {
				ALWAYS_SEARCH_USER_PATHS = NO;
				ASSETCATALOG_COMPILER_GENERATE_SWIFT_ASSET_SYMBOL_EXTENSIONS = YES;
				CLANG_ANALYZER_NONNULL = YES;
				CLANG_ANALYZER_NUMBER_OBJECT_CONVERSION = YES_AGGRESSIVE;
				CLANG_CXX_LANGUAGE_STANDARD = "gnu++20";
				CLANG_ENABLE_MODULES = YES;
				CLANG_ENABLE_OBJC_ARC = YES;
				CLANG_ENABLE_OBJC_WEAK = YES;
				CLANG_WARN_BLOCK_CAPTURE_AUTORELEASING = YES;
				CLANG_WARN_BOOL_CONVERSION = YES;
				CLANG_WARN_COMMA = YES;
				CLANG_WARN_CONSTANT_CONVERSION = YES;
				CLANG_WARN_DEPRECATED_OBJC_IMPLEMENTATIONS = YES;
				CLANG_WARN_DIRECT_OBJC_ISA_USAGE = YES_ERROR;
				CLANG_WARN_DOCUMENTATION_COMMENTS = YES;
				CLANG_WARN_EMPTY_BODY = YES;
				CLANG_WARN_ENUM_CONVERSION = YES;
				CLANG_WARN_INFINITE_RECURSION = YES;
				CLANG_WARN_INT_CONVERSION = YES;
				CLANG_WARN_NON_LITERAL_NULL_CONVERSION = YES;
				CLANG_WARN_OBJC_IMPLICIT_RETAIN_SELF = YES;
				CLANG_WARN_OBJC_LITERAL_CONVERSION = YES;
				CLANG_WARN_OBJC_ROOT_CLASS = YES_ERROR;
				CLANG_WARN_QUOTED_INCLUDE_IN_FRAMEWORK_HEADER = YES;
				CLANG_WARN_RANGE_LOOP_ANALYSIS = YES;
				CLANG_WARN_STRICT_PROTOTYPES = YES;
				CLANG_WARN_SUSPICIOUS_MOVE = YES;
				CLANG_WARN_UNGUARDED_AVAILABILITY = YES_AGGRESSIVE;
				CLANG_WARN_UNREACHABLE_CODE = YES;
				CLANG_WARN__DUPLICATE_METHOD_MATCH = YES;
				COPY_PHASE_STRIP = NO;
				DEBUG_INFORMATION_FORMAT = dwarf;
				ENABLE_STRICT_OBJC_MSGSEND = YES;
				ENABLE_TESTABILITY = YES;
				ENABLE_USER_SCRIPT_SANDBOXING = YES;
				GCC_C_LANGUAGE_STANDARD = gnu17;
				GCC_DYNAMIC_NO_PIC = NO;
				GCC_NO_COMMON_BLOCKS = YES;
				GCC_OPTIMIZATION_LEVEL = 0;
				GCC_PREPROCESSOR_DEFINITIONS = (
					"DEBUG=1",
					"$(inherited)",
				);
				GCC_WARN_64_TO_32_BIT_CONVERSION = YES;
				GCC_WARN_ABOUT_RETURN_TYPE = YES_ERROR;
				GCC_WARN_UNDECLARED_SELECTOR = YES;
				GCC_WARN_UNINITIALIZED_AUTOS = YES_AGGRESSIVE;
				GCC_WARN_UNUSED_FUNCTION = YES;
				GCC_WARN_UNUSED_VARIABLE = YES;
				IPHONEOS_DEPLOYMENT_TARGET = 18.1;
				LOCALIZATION_PREFERS_STRING_CATALOGS = YES;
				MTL_ENABLE_DEBUG_INFO = INCLUDE_SOURCE;
				MTL_FAST_MATH = YES;
				ONLY_ACTIVE_ARCH = YES;
				SDKROOT = iphoneos;
				SWIFT_ACTIVE_COMPILATION_CONDITIONS = "DEBUG $(inherited)";
				SWIFT_OPTIMIZATION_LEVEL = "-Onone";
			};
			name = Debug;
		};
		9E7FC1942D79DC5E00CEF423 /* Release */ = {
			isa = XCBuildConfiguration;
			buildSettings = {
				ALWAYS_SEARCH_USER_PATHS = NO;
				ASSETCATALOG_COMPILER_GENERATE_SWIFT_ASSET_SYMBOL_EXTENSIONS = YES;
				CLANG_ANALYZER_NONNULL = YES;
				CLANG_ANALYZER_NUMBER_OBJECT_CONVERSION = YES_AGGRESSIVE;
				CLANG_CXX_LANGUAGE_STANDARD = "gnu++20";
				CLANG_ENABLE_MODULES = YES;
				CLANG_ENABLE_OBJC_ARC = YES;
				CLANG_ENABLE_OBJC_WEAK = YES;
				CLANG_WARN_BLOCK_CAPTURE_AUTORELEASING = YES;
				CLANG_WARN_BOOL_CONVERSION = YES;
				CLANG_WARN_COMMA = YES;
				CLANG_WARN_CONSTANT_CONVERSION = YES;
				CLANG_WARN_DEPRECATED_OBJC_IMPLEMENTATIONS = YES;
				CLANG_WARN_DIRECT_OBJC_ISA_USAGE = YES_ERROR;
				CLANG_WARN_DOCUMENTATION_COMMENTS = YES;
				CLANG_WARN_EMPTY_BODY = YES;
				CLANG_WARN_ENUM_CONVERSION = YES;
				CLANG_WARN_INFINITE_RECURSION = YES;
				CLANG_WARN_INT_CONVERSION = YES;
				CLANG_WARN_NON_LITERAL_NULL_CONVERSION = YES;
				CLANG_WARN_OBJC_IMPLICIT_RETAIN_SELF = YES;
				CLANG_WARN_OBJC_LITERAL_CONVERSION = YES;
				CLANG_WARN_OBJC_ROOT_CLASS = YES_ERROR;
				CLANG_WARN_QUOTED_INCLUDE_IN_FRAMEWORK_HEADER = YES;
				CLANG_WARN_RANGE_LOOP_ANALYSIS = YES;
				CLANG_WARN_STRICT_PROTOTYPES = YES;
				CLANG_WARN_SUSPICIOUS_MOVE = YES;
				CLANG_WARN_UNGUARDED_AVAILABILITY = YES_AGGRESSIVE;
				CLANG_WARN_UNREACHABLE_CODE = YES;
				CLANG_WARN__DUPLICATE_METHOD_MATCH = YES;
				COPY_PHASE_STRIP = NO;
				DEBUG_INFORMATION_FORMAT = "dwarf-with-dsym";
				ENABLE_NS_ASSERTIONS = NO;
				ENABLE_STRICT_OBJC_MSGSEND = YES;
				ENABLE_USER_SCRIPT_SANDBOXING = YES;
				GCC_C_LANGUAGE_STANDARD = gnu17;
				GCC_NO_COMMON_BLOCKS = YES;
				GCC_WARN_64_TO_32_BIT_CONVERSION = YES;
				GCC_WARN_ABOUT_RETURN_TYPE = YES_ERROR;
				GCC_WARN_UNDECLARED_SELECTOR = YES;
				GCC_WARN_UNINITIALIZED_AUTOS = YES_AGGRESSIVE;
				GCC_WARN_UNUSED_FUNCTION = YES;
				GCC_WARN_UNUSED_VARIABLE = YES;
				IPHONEOS_DEPLOYMENT_TARGET = 18.1;
				LOCALIZATION_PREFERS_STRING_CATALOGS = YES;
				MTL_ENABLE_DEBUG_INFO = NO;
				MTL_FAST_MATH = YES;
				SDKROOT = iphoneos;
				SWIFT_COMPILATION_MODE = wholemodule;
				VALIDATE_PRODUCT = YES;
			};
			name = Release;
		};
/* End XCBuildConfiguration section */

/* Begin XCConfigurationList section */
		9E7FC1782D79DC5C00CEF423 /* Build configuration list for PBXProject "Het-Je-iOS" */ = {
			isa = XCConfigurationList;
			buildConfigurations = (
				9E7FC1932D79DC5E00CEF423 /* Debug */,
				9E7FC1942D79DC5E00CEF423 /* Release */,
			);
			defaultConfigurationIsVisible = 0;
			defaultConfigurationName = Release;
		};
		9E7FC1902D79DC5E00CEF423 /* Build configuration list for PBXNativeTarget "Het-Je-iOS" */ = {
			isa = XCConfigurationList;
			buildConfigurations = (
				9E7FC1912D79DC5E00CEF423 /* Debug */,
				9E7FC1922D79DC5E00CEF423 /* Release */,
			);
			defaultConfigurationIsVisible = 0;
			defaultConfigurationName = Release;
		};
/* End XCConfigurationList section */

/* Begin XCRemoteSwiftPackageReference section */
		9E9E1BEE2D7ADEE2000EC8DB /* XCRemoteSwiftPackageReference "SnapKit" */ = {
			isa = XCRemoteSwiftPackageReference;
			repositoryURL = "https://github.com/SnapKit/SnapKit.git";
			requirement = {
				kind = upToNextMajorVersion;
				minimumVersion = 5.7.1;
			};
		};
		9E9E1BF12D7ADEEB000EC8DB /* XCRemoteSwiftPackageReference "Alamofire" */ = {
			isa = XCRemoteSwiftPackageReference;
			repositoryURL = "https://github.com/Alamofire/Alamofire.git";
			requirement = {
				kind = upToNextMajorVersion;
				minimumVersion = 5.10.2;
			};
		};
		9E9E1BF42D7ADEFE000EC8DB /* XCRemoteSwiftPackageReference "RxSwift" */ = {
			isa = XCRemoteSwiftPackageReference;
			repositoryURL = "https://github.com/ReactiveX/RxSwift.git";
			requirement = {
				kind = upToNextMajorVersion;
				minimumVersion = 6.9.0;
			};
		};
		9E9E1BF92D7ADF0A000EC8DB /* XCRemoteSwiftPackageReference "Toast-Swift" */ = {
			isa = XCRemoteSwiftPackageReference;
			repositoryURL = "https://github.com/scalessec/Toast-Swift.git";
			requirement = {
				kind = upToNextMajorVersion;
				minimumVersion = 5.1.1;
			};
		};
		9E9E1BFC2D7ADF25000EC8DB /* XCRemoteSwiftPackageReference "Charts" */ = {
			isa = XCRemoteSwiftPackageReference;
			repositoryURL = "https://github.com/ChartsOrg/Charts.git";
			requirement = {
				kind = upToNextMajorVersion;
				minimumVersion = 5.1.0;
			};
		};
		9E9E1BFF2D7ADF37000EC8DB /* XCRemoteSwiftPackageReference "Then" */ = {
			isa = XCRemoteSwiftPackageReference;
			repositoryURL = "https://github.com/devxoul/Then.git";
			requirement = {
				kind = upToNextMajorVersion;
				minimumVersion = 3.0.0;
			};
		};
		9E9E1C022D7ADF4B000EC8DB /* XCRemoteSwiftPackageReference "RxDataSources" */ = {
			isa = XCRemoteSwiftPackageReference;
			repositoryURL = "https://github.com/RxSwiftCommunity/RxDataSources.git";
			requirement = {
				kind = upToNextMajorVersion;
				minimumVersion = 5.0.2;
			};
		};
		9E9E1C072D7ADF7A000EC8DB /* XCRemoteSwiftPackageReference "realm-swift" */ = {
			isa = XCRemoteSwiftPackageReference;
			repositoryURL = "https://github.com/realm/realm-swift.git";
			requirement = {
				kind = exactVersion;
				version = 20.0.1;
			};
		};
/* End XCRemoteSwiftPackageReference section */

/* Begin XCSwiftPackageProductDependency section */
		9E9E1BEF2D7ADEE2000EC8DB /* SnapKit */ = {
			isa = XCSwiftPackageProductDependency;
			package = 9E9E1BEE2D7ADEE2000EC8DB /* XCRemoteSwiftPackageReference "SnapKit" */;
			productName = SnapKit;
		};
		9E9E1BF22D7ADEEB000EC8DB /* Alamofire */ = {
			isa = XCSwiftPackageProductDependency;
			package = 9E9E1BF12D7ADEEB000EC8DB /* XCRemoteSwiftPackageReference "Alamofire" */;
			productName = Alamofire;
		};
		9E9E1BF52D7ADEFE000EC8DB /* RxCocoa */ = {
			isa = XCSwiftPackageProductDependency;
			package = 9E9E1BF42D7ADEFE000EC8DB /* XCRemoteSwiftPackageReference "RxSwift" */;
			productName = RxCocoa;
		};
		9E9E1BF72D7ADEFE000EC8DB /* RxSwift */ = {
			isa = XCSwiftPackageProductDependency;
			package = 9E9E1BF42D7ADEFE000EC8DB /* XCRemoteSwiftPackageReference "RxSwift" */;
			productName = RxSwift;
		};
		9E9E1BFA2D7ADF0A000EC8DB /* Toast */ = {
			isa = XCSwiftPackageProductDependency;
			package = 9E9E1BF92D7ADF0A000EC8DB /* XCRemoteSwiftPackageReference "Toast-Swift" */;
			productName = Toast;
		};
		9E9E1BFD2D7ADF25000EC8DB /* DGCharts */ = {
			isa = XCSwiftPackageProductDependency;
			package = 9E9E1BFC2D7ADF25000EC8DB /* XCRemoteSwiftPackageReference "Charts" */;
			productName = DGCharts;
		};
		9E9E1C002D7ADF37000EC8DB /* Then */ = {
			isa = XCSwiftPackageProductDependency;
			package = 9E9E1BFF2D7ADF37000EC8DB /* XCRemoteSwiftPackageReference "Then" */;
			productName = Then;
		};
		9E9E1C032D7ADF4B000EC8DB /* Differentiator */ = {
			isa = XCSwiftPackageProductDependency;
			package = 9E9E1C022D7ADF4B000EC8DB /* XCRemoteSwiftPackageReference "RxDataSources" */;
			productName = Differentiator;
		};
		9E9E1C052D7ADF4B000EC8DB /* RxDataSources */ = {
			isa = XCSwiftPackageProductDependency;
			package = 9E9E1C022D7ADF4B000EC8DB /* XCRemoteSwiftPackageReference "RxDataSources" */;
			productName = RxDataSources;
		};
		9E9E1C082D7ADF7A000EC8DB /* RealmSwift */ = {
			isa = XCSwiftPackageProductDependency;
			package = 9E9E1C072D7ADF7A000EC8DB /* XCRemoteSwiftPackageReference "realm-swift" */;
			productName = RealmSwift;
		};
/* End XCSwiftPackageProductDependency section */
	};
	rootObject = 9E7FC1752D79DC5C00CEF423 /* Project object */;
}
